
Microsoft Visual Studio Solution File, Format Version 12.00
# Visual Studio Version 17
VisualStudioVersion = 17.0.31903.59
MinimumVisualStudioVersion = 10.0.40219.1
Project("{FAE04EC0-301F-11D3-BF4B-00C04F79EFBC}") = "MsRestApiAuth", "MsRestApiAuth\MsRestApiAuth.csproj", "{95F15C39-F570-14EA-FB80-219CADC1FED8}"
EndProject
Project("{FAE04EC0-301F-11D3-BF4B-00C04F79EFBC}") = "MsRestApiBlog", "MsRestApiBlog\MsRestApiBlog.csproj", "{D4877ED0-07BC-F3A9-E255-4BD6FD2826EA}"
EndProject
Project("{FAE04EC0-301F-11D3-BF4B-00C04F79EFBC}") = "MsRestApiComment", "MsRestApiComment\MsRestApiComment.csproj", "{DC481537-D981-23F3-CE1D-105995FB1735}"
EndProject
Global
	GlobalSection(SolutionConfigurationPlatforms) = preSolution
		Debug|Any CPU = Debug|Any CPU
		Release|Any CPU = Release|Any CPU
	EndGlobalSection
	GlobalSection(ProjectConfigurationPlatforms) = postSolution
		{95F15C39-F570-14EA-FB80-219CADC1FED8}.Debug|Any CPU.ActiveCfg = Debug|Any CPU
		{95F15C39-F570-14EA-FB80-219CADC1FED8}.Debug|Any CPU.Build.0 = Debug|Any CPU
		{95F15C39-F570-14EA-FB80-219CADC1FED8}.Release|Any CPU.ActiveCfg = Release|Any CPU
		{95F15C39-F570-14EA-FB80-219CADC1FED8}.Release|Any CPU.Build.0 = Release|Any CPU
		{D4877ED0-07BC-F3A9-E255-4BD6FD2826EA}.Debug|Any CPU.ActiveCfg = Debug|Any CPU
		{D4877ED0-07BC-F3A9-E255-4BD6FD2826EA}.Debug|Any CPU.Build.0 = Debug|Any CPU
		{D4877ED0-07BC-F3A9-E255-4BD6FD2826EA}.Release|Any CPU.ActiveCfg = Release|Any CPU
		{D4877ED0-07BC-F3A9-E255-4BD6FD2826EA}.Release|Any CPU.Build.0 = Release|Any CPU
		{DC481537-D981-23F3-CE1D-105995FB1735}.Debug|Any CPU.ActiveCfg = Debug|Any CPU
		{DC481537-D981-23F3-CE1D-105995FB1735}.Debug|Any CPU.Build.0 = Debug|Any CPU
		{DC481537-D981-23F3-CE1D-105995FB1735}.Release|Any CPU.ActiveCfg = Release|Any CPU
		{DC481537-D981-23F3-CE1D-105995FB1735}.Release|Any CPU.Build.0 = Release|Any CPU
	EndGlobalSection
	GlobalSection(SolutionProperties) = preSolution
		HideSolutionNode = FALSE
	EndGlobalSection
	GlobalSection(ExtensibilityGlobals) = postSolution
		SolutionGuid = {A15E6D45-2FAC-432F-B6A5-3A540522B333}
	EndGlobalSection
EndGlobal
